
Microsoft Visual Studio Solution File, Format Version 12.00
# Visual Studio Version 16
VisualStudioVersion = 16.0.30114.105
MinimumVisualStudioVersion = 10.0.40219.1
Project("{FAE04EC0-301F-11D3-BF4B-00C04F79EFBC}") = "PaymentContext.Domain", "PaymentContext.Domain\PaymentContext.Domain.csproj", "{CBE85743-71F4-4C22-913B-F42EC4D5F109}"
EndProject
Project("{FAE04EC0-301F-11D3-BF4B-00C04F79EFBC}") = "PaymentContext.Shared", "PaymentContext.Shared\PaymentContext.Shared.csproj", "{8FEEE34F-6076-40E8-99BA-4500A419840A}"
EndProject
Project("{FAE04EC0-301F-11D3-BF4B-00C04F79EFBC}") = "PaymentContext.Tests", "PaymentContext.Tests\PaymentContext.Tests.csproj", "{FD3477B0-D425-4901-BB61-FC0786F32CCB}"
EndProject
Global
	GlobalSection(SolutionConfigurationPlatforms) = preSolution
		Debug|Any CPU = Debug|Any CPU
		Release|Any CPU = Release|Any CPU
	EndGlobalSection
	GlobalSection(SolutionProperties) = preSolution
		HideSolutionNode = FALSE
	EndGlobalSection
	GlobalSection(ProjectConfigurationPlatforms) = postSolution
		{CBE85743-71F4-4C22-913B-F42EC4D5F109}.Debug|Any CPU.ActiveCfg = Debug|Any CPU
		{CBE85743-71F4-4C22-913B-F42EC4D5F109}.Debug|Any CPU.Build.0 = Debug|Any CPU
		{CBE85743-71F4-4C22-913B-F42EC4D5F109}.Release|Any CPU.ActiveCfg = Release|Any CPU
		{CBE85743-71F4-4C22-913B-F42EC4D5F109}.Release|Any CPU.Build.0 = Release|Any CPU
		{8FEEE34F-6076-40E8-99BA-4500A419840A}.Debug|Any CPU.ActiveCfg = Debug|Any CPU
		{8FEEE34F-6076-40E8-99BA-4500A419840A}.Debug|Any CPU.Build.0 = Debug|Any CPU
		{8FEEE34F-6076-40E8-99BA-4500A419840A}.Release|Any CPU.ActiveCfg = Release|Any CPU
		{8FEEE34F-6076-40E8-99BA-4500A419840A}.Release|Any CPU.Build.0 = Release|Any CPU
		{FD3477B0-D425-4901-BB61-FC0786F32CCB}.Debug|Any CPU.ActiveCfg = Debug|Any CPU
		{FD3477B0-D425-4901-BB61-FC0786F32CCB}.Debug|Any CPU.Build.0 = Debug|Any CPU
		{FD3477B0-D425-4901-BB61-FC0786F32CCB}.Release|Any CPU.ActiveCfg = Release|Any CPU
		{FD3477B0-D425-4901-BB61-FC0786F32CCB}.Release|Any CPU.Build.0 = Release|Any CPU
	EndGlobalSection
EndGlobal
