
Microsoft Visual Studio Solution File, Format Version 12.00
# Visual Studio Version 17
VisualStudioVersion = 17.2.32616.157
MinimumVisualStudioVersion = 10.0.40219.1
Project("{9A19103F-16F7-4668-BE54-9A1E7A4F7556}") = "PaymentContext.Domain", "PaymentContext.Domain\PaymentContext.Domain.csproj", "{CBE85743-71F4-4C22-913B-F42EC4D5F109}"
EndProject
Project("{9A19103F-16F7-4668-BE54-9A1E7A4F7556}") = "PaymentContext.Shared", "PaymentContext.Shared\PaymentContext.Shared.csproj", "{8FEEE34F-6076-40E8-99BA-4500A419840A}"
EndProject
Project("{9A19103F-16F7-4668-BE54-9A1E7A4F7556}") = "PaymentContext.Tests", "PaymentContext.Tests\PaymentContext.Tests.csproj", "{FD3477B0-D425-4901-BB61-FC0786F32CCB}"
EndProject
Project("{2150E333-8FDC-42A3-9474-1A3956D46DE8}") = "Solution Items", "Solution Items", "{F851B49C-DAB6-4B5F-8F3C-2D96B4374A8C}"
	ProjectSection(SolutionItems) = preProject
		.editorconfig = .editorconfig
	EndProjectSection
EndProject
Global
	GlobalSection(SolutionConfigurationPlatforms) = preSolution
		Debug|Any CPU = Debug|Any CPU
		Release|Any CPU = Release|Any CPU
	EndGlobalSection
	GlobalSection(ProjectConfigurationPlatforms) = postSolution
		{CBE85743-71F4-4C22-913B-F42EC4D5F109}.Debug|Any CPU.ActiveCfg = Debug|Any CPU
		{CBE85743-71F4-4C22-913B-F42EC4D5F109}.Debug|Any CPU.Build.0 = Debug|Any CPU
		{CBE85743-71F4-4C22-913B-F42EC4D5F109}.Release|Any CPU.ActiveCfg = Release|Any CPU
		{CBE85743-71F4-4C22-913B-F42EC4D5F109}.Release|Any CPU.Build.0 = Release|Any CPU
		{8FEEE34F-6076-40E8-99BA-4500A419840A}.Debug|Any CPU.ActiveCfg = Debug|Any CPU
		{8FEEE34F-6076-40E8-99BA-4500A419840A}.Debug|Any CPU.Build.0 = Debug|Any CPU
		{8FEEE34F-6076-40E8-99BA-4500A419840A}.Release|Any CPU.ActiveCfg = Release|Any CPU
		{8FEEE34F-6076-40E8-99BA-4500A419840A}.Release|Any CPU.Build.0 = Release|Any CPU
		{FD3477B0-D425-4901-BB61-FC0786F32CCB}.Debug|Any CPU.ActiveCfg = Debug|Any CPU
		{FD3477B0-D425-4901-BB61-FC0786F32CCB}.Debug|Any CPU.Build.0 = Debug|Any CPU
		{FD3477B0-D425-4901-BB61-FC0786F32CCB}.Release|Any CPU.ActiveCfg = Release|Any CPU
		{FD3477B0-D425-4901-BB61-FC0786F32CCB}.Release|Any CPU.Build.0 = Release|Any CPU
	EndGlobalSection
	GlobalSection(SolutionProperties) = preSolution
		HideSolutionNode = FALSE
	EndGlobalSection
	GlobalSection(ExtensibilityGlobals) = postSolution
		SolutionGuid = {8A940A01-5B7B-492C-82F4-CD97B38428A2}
	EndGlobalSection
EndGlobal
